
Microsoft Visual Studio Solution File, Format Version 12.00
# Visual Studio Version 17
VisualStudioVersion = 17.1.32421.90
MinimumVisualStudioVersion = 10.0.40219.1
Project("{FAE04EC0-301F-11D3-BF4B-00C04F79EFBC}") = "Infoeduka", "Infoeduka\Infoeduka.csproj", "{F0E2A6D3-9D55-4360-BF5D-4A6199527BAB}"
EndProject
Project("{FAE04EC0-301F-11D3-BF4B-00C04F79EFBC}") = "Utilities", "Utilities\Utilities.csproj", "{3C8DAB68-BB30-4052-A71E-FC76DCA201B6}"
EndProject
Global
	GlobalSection(SolutionConfigurationPlatforms) = preSolution
		Debug|Any CPU = Debug|Any CPU
		Release|Any CPU = Release|Any CPU
	EndGlobalSection
	GlobalSection(ProjectConfigurationPlatforms) = postSolution
		{F0E2A6D3-9D55-4360-BF5D-4A6199527BAB}.Debug|Any CPU.ActiveCfg = Debug|Any CPU
		{F0E2A6D3-9D55-4360-BF5D-4A6199527BAB}.Debug|Any CPU.Build.0 = Debug|Any CPU
		{F0E2A6D3-9D55-4360-BF5D-4A6199527BAB}.Release|Any CPU.ActiveCfg = Release|Any CPU
		{F0E2A6D3-9D55-4360-BF5D-4A6199527BAB}.Release|Any CPU.Build.0 = Release|Any CPU
		{3C8DAB68-BB30-4052-A71E-FC76DCA201B6}.Debug|Any CPU.ActiveCfg = Debug|Any CPU
		{3C8DAB68-BB30-4052-A71E-FC76DCA201B6}.Debug|Any CPU.Build.0 = Debug|Any CPU
		{3C8DAB68-BB30-4052-A71E-FC76DCA201B6}.Release|Any CPU.ActiveCfg = Release|Any CPU
		{3C8DAB68-BB30-4052-A71E-FC76DCA201B6}.Release|Any CPU.Build.0 = Release|Any CPU
	EndGlobalSection
	GlobalSection(SolutionProperties) = preSolution
		HideSolutionNode = FALSE
	EndGlobalSection
	GlobalSection(ExtensibilityGlobals) = postSolution
		SolutionGuid = {8CC70C55-81FB-45A1-A3BB-28C6A6180A6E}
	EndGlobalSection
EndGlobal
